// !$*UTF8*$!
{
	archiveVersion = 1;
	classes = {
	};
	objectVersion = 70;
	objects = {

/* Begin PBXBuildFile section */
		019E8BC10BDAE397BBDCCA39 /* MALProgressOutboxTests.swift in Sources */ = {isa = PBXBuildFile; fileRef = 570EA9B70F2674D6ABAEBB4C /* MALProgressOutboxTests.swift */; };
		03D0EA3A3C2ADB7B321AC5E1 /* ReadingPositionTests.swift in Sources */ = {isa = PBXBuildFile; fileRef = 25BBABC580DD506283C995BE /* ReadingPositionTests.swift */; };
		03DE6B2D9A7FC66B70A3FFA8 /* ExtensionRuntimeTests.swift in Sources */ = {isa = PBXBuildFile; fileRef = 6B57E209F969929C978BDC9F /* ExtensionRuntimeTests.swift */; };
		0ED583DA5DF0DFD1AFF9C35E /* LocalLibraryStoreTests.swift in Sources */ = {isa = PBXBuildFile; fileRef = 54DF9AC06BC3503F0EFAA8F4 /* LocalLibraryStoreTests.swift */; };
		0F472F8569F310221DF450B4 /* WebKitPartitioningSpikeTests.swift in Sources */ = {isa = PBXBuildFile; fileRef = 48D07F7D8ABE9A56C85049E3 /* WebKitPartitioningSpikeTests.swift */; };
		10A77BFCF89A0C9C475B1E7E /* archive-utility.cbz in Resources */ = {isa = PBXBuildFile; fileRef = 79D0EDF91616E5D9AE22E31C /* archive-utility.cbz */; };
		16120C8C8E8B95CA75E37B05 /* ExtensionSourceTests.swift in Sources */ = {isa = PBXBuildFile; fileRef = 88AEBBAAB25C6B09F0FE797B /* ExtensionSourceTests.swift */; };
		17108277EB6973F9B4B661D3 /* ChapterRowPresentationTests.swift in Sources */ = {isa = PBXBuildFile; fileRef = 9D36FDBC6AC0513465888FAB /* ChapterRowPresentationTests.swift */; };
		17FA23671CF27E9A1E73FF51 /* LocalChapterLayoutTests.swift in Sources */ = {isa = PBXBuildFile; fileRef = 3DA7A2282D50C237F0605C23 /* LocalChapterLayoutTests.swift */; };
		1B380F1C8F244BA751725C9C /* MangaDexEngineTests.swift in Sources */ = {isa = PBXBuildFile; fileRef = 3A53238F7135B4DDED8A7AE8 /* MangaDexEngineTests.swift */; };
		1CF60955A3104D75DD57BB6C /* SimulatorSeedFixture.swift in Sources */ = {isa = PBXBuildFile; fileRef = E667FDCB0E51CEB963BB2E88 /* SimulatorSeedFixture.swift */; };
		1DADC3D8F98A2F4FDCDAF723 /* deflated.cbz in Resources */ = {isa = PBXBuildFile; fileRef = 1A92BCCCD451C064F6E4999D /* deflated.cbz */; };
		1E6BD3C44A1DC1892CB2C6E1 /* stored.zip in Resources */ = {isa = PBXBuildFile; fileRef = 0D0104DD48E269F67C2B7B33 /* stored.zip */; };
		200B62F56A5666A27357B302 /* HostAPIVersionTests.swift in Sources */ = {isa = PBXBuildFile; fileRef = 3D5499DDE8D85DAE91D84C84 /* HostAPIVersionTests.swift */; };
		2A0F6FF3F55534C2C6A52D0B /* BundledWeebCentralCutoverTests.swift in Sources */ = {isa = PBXBuildFile; fileRef = 318CB85638AEB7E5B966E92E /* BundledWeebCentralCutoverTests.swift */; };
		32C6BD99EB3B4B2F8A87F7F8 /* ChapterListView.swift in Sources */ = {isa = PBXBuildFile; fileRef = A7F1E11DDAC54DA6929F8EB2 /* ChapterListView.swift */; };
		37CBDF466A838DC79A2A1E42 /* ChapterFrontierTests.swift in Sources */ = {isa = PBXBuildFile; fileRef = D5126489CA87F733C9828F3B /* ChapterFrontierTests.swift */; };
		39CECD512334573DE6D29789 /* MALProgressCoordinatorTests.swift in Sources */ = {isa = PBXBuildFile; fileRef = AC93D3828ABC877B7F41D12D /* MALProgressCoordinatorTests.swift */; };
		3D33AD20BE3404BC1B6B959E /* LibraryUpdatesPresentationTests.swift in Sources */ = {isa = PBXBuildFile; fileRef = 83ADCF36D87549CB18284F7E /* LibraryUpdatesPresentationTests.swift */; };
		3EFFDE697B4008BC4764E3E1 /* LocalLibraryDeletionTests.swift in Sources */ = {isa = PBXBuildFile; fileRef = 110525E44AB9F4DEB9FA813B /* LocalLibraryDeletionTests.swift */; };
		3F09684CEAF72FFBAB5FC149 /* ReaderPresentationTests.swift in Sources */ = {isa = PBXBuildFile; fileRef = 9C6FEFC3040D33CD88650572 /* ReaderPresentationTests.swift */; };
		4181CDECEDD25ED42D32BABC /* UpdateNotifierTests.swift in Sources */ = {isa = PBXBuildFile; fileRef = 6B2B7CE0937C316EF0F01BE1 /* UpdateNotifierTests.swift */; };
		41F32C017B40DE1CEFEEEA1B /* LocalSourceTests.swift in Sources */ = {isa = PBXBuildFile; fileRef = 10FB6AEDA2B5867D1C5715D0 /* LocalSourceTests.swift */; };
		478B2580616827759823D67B /* PDFImportTests.swift in Sources */ = {isa = PBXBuildFile; fileRef = 4E407B24777AF4329D9F3990 /* PDFImportTests.swift */; };
		4B857C32E6BA88F06A664622 /* LocalImportSlice2Tests.swift in Sources */ = {isa = PBXBuildFile; fileRef = 25F4731A8944E45ED19460F9 /* LocalImportSlice2Tests.swift */; };
		4C97ADEAD9C4238A1365A208 /* TagVocabularyStoreTests.swift in Sources */ = {isa = PBXBuildFile; fileRef = DBC6F29C8208094651FCAC5C /* TagVocabularyStoreTests.swift */; };
		5552BA9016CDD6C1A8B1AE86 /* UpdatesUITests.swift in Sources */ = {isa = PBXBuildFile; fileRef = 988991C0F003C55F34001352 /* UpdatesUITests.swift */; };
		5976320E5D809570EFB52521 /* MALAccountPresentationTests.swift in Sources */ = {isa = PBXBuildFile; fileRef = 28F0E06D7EC96A13D6FC582B /* MALAccountPresentationTests.swift */; };
		5A4912206FCD4BACD63E9575 /* RepositorySettingsUITests.swift in Sources */ = {isa = PBXBuildFile; fileRef = 8FDB4839B0D46079491B9A04 /* RepositorySettingsUITests.swift */; };
		5F5E1957F0530F4F9C9AA861 /* SimulatorSeed.swift in Sources */ = {isa = PBXBuildFile; fileRef = B1F8F25CDCFB39414F501863 /* SimulatorSeed.swift */; };
		62786603ED6C1507118332E7 /* MALTokenManagerTests.swift in Sources */ = {isa = PBXBuildFile; fileRef = 692709FBEDCACC3B7ADB0FA2 /* MALTokenManagerTests.swift */; };
		62C77C4658C29B13DA62393D /* MetadataUpgradeQueueTests.swift in Sources */ = {isa = PBXBuildFile; fileRef = 3230EFD03B407AE9AF0906F2 /* MetadataUpgradeQueueTests.swift */; };
		647DD2EB7E9AD349DBB04923 /* TagPairSeedingTests.swift in Sources */ = {isa = PBXBuildFile; fileRef = 4DAFC1B6DC1B892DB348D885 /* TagPairSeedingTests.swift */; };
		65C1F900403A118B566765A5 /* ExtensionInstallerTests.swift in Sources */ = {isa = PBXBuildFile; fileRef = 558870572443F52BE0F33C08 /* ExtensionInstallerTests.swift */; };
		673B9B5805DB37426A0071D5 /* MangaDetailRetargetTests.swift in Sources */ = {isa = PBXBuildFile; fileRef = B3B6993ADB787E853D2AA745 /* MangaDetailRetargetTests.swift */; };
		6FB3C6A88ECE9ABE9FF0A62A /* ReaderViewModelTests.swift in Sources */ = {isa = PBXBuildFile; fileRef = D3077F8455CE3CDC586CB6F0 /* ReaderViewModelTests.swift */; };
		71343276D5D16C28E58D714C /* zip-command.zip in Resources */ = {isa = PBXBuildFile; fileRef = 6B7BE509945A53D61A65F8C3 /* zip-command.zip */; };
		738BCE4E6AFDD6D640428CBA /* SourcePreferenceStoreTests.swift in Sources */ = {isa = PBXBuildFile; fileRef = F3A793CC30333D68B9CCECA4 /* SourcePreferenceStoreTests.swift */; };
		75E67AE756E06B6B4F7705DF /* MALReadingProgressTests.swift in Sources */ = {isa = PBXBuildFile; fileRef = 8FA67CD30FC7B8F6A41AE61C /* MALReadingProgressTests.swift */; };
		793C6B63B0E7B541FBD18F63 /* SectionHeaderPresentationTests.swift in Sources */ = {isa = PBXBuildFile; fileRef = 425A9211A2A05AB2A037004A /* SectionHeaderPresentationTests.swift */; };
		7D6CAED77181EF0EAE16AA05 /* LocalImportUITests.swift in Sources */ = {isa = PBXBuildFile; fileRef = 5D7B3EDC482CBB6114C9D9DE /* LocalImportUITests.swift */; };
		89FC2BD0BE743AA37329F4E6 /* AdultSourceGatingTests.swift in Sources */ = {isa = PBXBuildFile; fileRef = 8FF07AE22F27097C7728C4C3 /* AdultSourceGatingTests.swift */; };
		8E3D24B2AEAA8B5E93AAE2D0 /* MALOAuthTests.swift in Sources */ = {isa = PBXBuildFile; fileRef = 40EE9C870ACFE67902D8ADB6 /* MALOAuthTests.swift */; };
		8EF1B3AF2A631578D956E701 /* LocalImageCacheTests.swift in Sources */ = {isa = PBXBuildFile; fileRef = 160217FD87987E18500CF6C2 /* LocalImageCacheTests.swift */; };
		8F732C0D846AAB88AE944015 /* ZipArchiveReaderTests.swift in Sources */ = {isa = PBXBuildFile; fileRef = EACB1C0C0BFFBB54676C087D /* ZipArchiveReaderTests.swift */; };
		90006F655FCF25D26634D4D3 /* SourcePreferenceUITests.swift in Sources */ = {isa = PBXBuildFile; fileRef = 8402F36EE8C2A9E6D5BE0E7E /* SourcePreferenceUITests.swift */; };
		9ADD763DA30432D2C81453E8 /* FulfillmentCoordinatorTests.swift in Sources */ = {isa = PBXBuildFile; fileRef = FFAE063A0FB014D28F63FBD1 /* FulfillmentCoordinatorTests.swift */; };
		9DCD1C4F19814F8C38A64696 /* SourcePickerPresentationTests.swift in Sources */ = {isa = PBXBuildFile; fileRef = E5E9CFEC07A8CB9B509A7DE0 /* SourcePickerPresentationTests.swift */; };
		A434ADC0FC897EACBC2CE024 /* MALAccountStoreTests.swift in Sources */ = {isa = PBXBuildFile; fileRef = ED10F20BF60C2CD05761BFCB /* MALAccountStoreTests.swift */; };
		A8264F1E6BDD81BD23B7E905 /* ManifestValidationCodeFreeTests.swift in Sources */ = {isa = PBXBuildFile; fileRef = 0E374EDB3E7A43043E5E425E /* ManifestValidationCodeFreeTests.swift */; };
		A9E6DF9E93224044899401CA /* WeebCentralPortTests.swift in Sources */ = {isa = PBXBuildFile; fileRef = B8B398D290C56B3F36F76D25 /* WeebCentralPortTests.swift */; };
		ABBE9D120DB19C0C465AAE46 /* UpdateStateStoreTests.swift in Sources */ = {isa = PBXBuildFile; fileRef = 3AC3FBA0CCEE925AC3AA1038 /* UpdateStateStoreTests.swift */; };
		AD1157092EA0000200CF2434 /* HistoryView.swift in Sources */ = {isa = PBXBuildFile; fileRef = AD1157092EA0000100CF2434 /* HistoryView.swift */; };
		AD5501012E0000010000000A /* RecommendationGoldenTests.swift in Sources */ = {isa = PBXBuildFile; fileRef = AD5501012E0000010000000B /* RecommendationGoldenTests.swift */; };
		AD5501022E0000010000000A /* AniListAPITests.swift in Sources */ = {isa = PBXBuildFile; fileRef = AD5501022E0000010000000B /* AniListAPITests.swift */; };
		AD5501032E0000010000000A /* WorkStoreTests.swift in Sources */ = {isa = PBXBuildFile; fileRef = AD5501032E0000010000000B /* WorkStoreTests.swift */; };
		AD5501042E0000010000000A /* WorkMintingTests.swift in Sources */ = {isa = PBXBuildFile; fileRef = AD5501042E0000010000000B /* WorkMintingTests.swift */; };
		AD5501052E0000010000000A /* TasteProfileGoldenTests.swift in Sources */ = {isa = PBXBuildFile; fileRef = AD5501052E0000010000000B /* TasteProfileGoldenTests.swift */; };
		AD5501062E0000010000000A /* TasteProfileTests.swift in Sources */ = {isa = PBXBuildFile; fileRef = AD5501062E0000010000000B /* TasteProfileTests.swift */; };
		AD72C1D3D3B222BBCA88006B /* WebtoonGeometryTests.swift in Sources */ = {isa = PBXBuildFile; fileRef = 651410493E4CE11A30957C52 /* WebtoonGeometryTests.swift */; };
		ADCA7E112EC7000100CF2434 /* CategoryGridView.swift in Sources */ = {isa = PBXBuildFile; fileRef = ADCA7E102EC7000100CF2434 /* CategoryGridView.swift */; };
		ADDACC8C2EC6AC370026FBAE /* MangaDetailView.swift in Sources */ = {isa = PBXBuildFile; fileRef = ADDACC8B2EC6AC2D0026FBAE /* MangaDetailView.swift */; };
		ADDACC9B2EC6AC370026FBAE /* ReaderView.swift in Sources */ = {isa = PBXBuildFile; fileRef = ADDACC9A2EC6AC2D0026FBAE /* ReaderView.swift */; };
		ADE549252C0A9CCA007AE172 /* MangaCartaApp.swift in Sources */ = {isa = PBXBuildFile; fileRef = ADE549242C0A9CCA007AE172 /* MangaCartaApp.swift */; };
		ADE549272C0A9CCA007AE172 /* ContentView.swift in Sources */ = {isa = PBXBuildFile; fileRef = ADE549262C0A9CCA007AE172 /* ContentView.swift */; };
		ADE549292C0A9CCC007AE172 /* Assets.xcassets in Resources */ = {isa = PBXBuildFile; fileRef = ADE549282C0A9CCC007AE172 /* Assets.xcassets */; };
		ADE5492C2C0A9CCC007AE172 /* Preview Assets.xcassets in Resources */ = {isa = PBXBuildFile; fileRef = ADE5492B2C0A9CCC007AE172 /* Preview Assets.xcassets */; };
		ADE549362C0A9CCD007AE172 /* MangaCartaTests.swift in Sources */ = {isa = PBXBuildFile; fileRef = ADE549352C0A9CCD007AE172 /* MangaCartaTests.swift */; };
		ADE549402C0A9CCD007AE172 /* MangaCartaUITests.swift in Sources */ = {isa = PBXBuildFile; fileRef = ADE5493F2C0A9CCD007AE172 /* MangaCartaUITests.swift */; };
		ADE549422C0A9CCD007AE172 /* MangaCartaUITestsLaunchTests.swift in Sources */ = {isa = PBXBuildFile; fileRef = ADE549412C0A9CCD007AE172 /* MangaCartaUITestsLaunchTests.swift */; };
		ADEF83CE2E8F323700CF2434 /* HomeView.swift in Sources */ = {isa = PBXBuildFile; fileRef = ADEF83CD2E8F323700CF2434 /* HomeView.swift */; };
		ADEF83D02E8F329200CF2434 /* BookmarksView.swift in Sources */ = {isa = PBXBuildFile; fileRef = ADEF83CF2E8F329200CF2434 /* BookmarksView.swift */; };
		ADEF83D22E8F32A500CF2434 /* SearchView.swift in Sources */ = {isa = PBXBuildFile; fileRef = ADEF83D12E8F32A500CF2434 /* SearchView.swift */; };
		ADEF83D42E8F32B300CF2434 /* SettingsView.swift in Sources */ = {isa = PBXBuildFile; fileRef = ADEF83D32E8F32B300CF2434 /* SettingsView.swift */; };
		B0D1ED00A5F0000000000002 /* BundledRepositories in Resources */ = {isa = PBXBuildFile; fileRef = B0D1ED00A5F0000000000001 /* BundledRepositories */; };
		B2282CBFC63A868370290A54 /* RepositoryIndexValidatorTests.swift in Sources */ = {isa = PBXBuildFile; fileRef = 2B1DC8D1ABB8F639591D5ABE /* RepositoryIndexValidatorTests.swift */; };
		B6789B3D65FC89884B2C4DB2 /* UpgradeAttemptMemoryTests.swift in Sources */ = {isa = PBXBuildFile; fileRef = 3FDBB47532459A9B7F65F5D3 /* UpgradeAttemptMemoryTests.swift */; };
		BF0D50CF07C99D0717A2D054 /* MALCredentialStoreTests.swift in Sources */ = {isa = PBXBuildFile; fileRef = C5E70158C296EAD62B78AD1B /* MALCredentialStoreTests.swift */; };
		BF0DD594C54D3FDC6CD4D253 /* HostCapabilityTests.swift in Sources */ = {isa = PBXBuildFile; fileRef = C0F08AAE21C8BB7FAC3D0373 /* HostCapabilityTests.swift */; };
		C787921F18536A8B3B41024D /* SourceDeclarationValidatorTests.swift in Sources */ = {isa = PBXBuildFile; fileRef = 766B1DFB618998085A56F4AF /* SourceDeclarationValidatorTests.swift */; };
		C9E1E195A32E02CF5BFF06B1 /* ExtensionDomainSchemaTests.swift in Sources */ = {isa = PBXBuildFile; fileRef = 55A2DC23BFF7D4B3B4BF19B5 /* ExtensionDomainSchemaTests.swift */; };
		CA4FDD2D41D91CB88329FABE /* RegistryInjectionTests.swift in Sources */ = {isa = PBXBuildFile; fileRef = 6CAF4BBA9362C0353B31F45A /* RegistryInjectionTests.swift */; };
		D0E85CEB768C2DFF64C9C144 /* ListingCountCacheTests.swift in Sources */ = {isa = PBXBuildFile; fileRef = B0E74298ED1B8A1EF38B1F1A /* ListingCountCacheTests.swift */; };
		D304699E96B25E03493BA659 /* SourceCapabilityTests.swift in Sources */ = {isa = PBXBuildFile; fileRef = F1A3C860E87DEAC28334AADD /* SourceCapabilityTests.swift */; };
		D4F82A4A59ADEB4914F54F25 /* MALAuthenticatedClientTests.swift in Sources */ = {isa = PBXBuildFile; fileRef = 3A3F7D58DAF1DEBCD14D548D /* MALAuthenticatedClientTests.swift */; };
		D87DBB605283203AAF3D878F /* MALReverseResolverTests.swift in Sources */ = {isa = PBXBuildFile; fileRef = BF203ECB1EBB5AD14908ABE6 /* MALReverseResolverTests.swift */; };
		D93E29FE10C30B3E23995F76 /* FulfillmentRoutingTests.swift in Sources */ = {isa = PBXBuildFile; fileRef = 5230FD01E25E27D46B7F6BCF /* FulfillmentRoutingTests.swift */; };
		DF6EA88109DD4986DEDE9B48 /* PrivacyInfo.xcprivacy in Resources */ = {isa = PBXBuildFile; fileRef = 059A06C836FA253905E57939 /* PrivacyInfo.xcprivacy */; };
		DFF2BC11BF304A968E8FEE01 /* AniListPoolTests.swift in Sources */ = {isa = PBXBuildFile; fileRef = 846EC8488D4E46DAB7E152EC /* AniListPoolTests.swift */; };
		E1572D139FB0F9AFA8CFAF18 /* UpdateSchedulerTests.swift in Sources */ = {isa = PBXBuildFile; fileRef = 6B295C51CE6541D787C8F0D1 /* UpdateSchedulerTests.swift */; };
		E3368D389F8E31C4E2C0F9A0 /* ExtensionJSBridgeTests.swift in Sources */ = {isa = PBXBuildFile; fileRef = DFD0D41CDB5858D85E249DB5 /* ExtensionJSBridgeTests.swift */; };
		E5799CADD97F67D52AAEAF1C /* SourceLifecycleRegistryTests.swift in Sources */ = {isa = PBXBuildFile; fileRef = 157ECE58A8A05C891EC65688 /* SourceLifecycleRegistryTests.swift */; };
		E7CBBD1428324559AFC66FAD /* BrowserInteractionSpikeTests.swift in Sources */ = {isa = PBXBuildFile; fileRef = CCEA6025BCD90B3F70131F41 /* BrowserInteractionSpikeTests.swift */; };
		F1EDF70D02166B598E8C64BB /* AppCompositionTests.swift in Sources */ = {isa = PBXBuildFile; fileRef = 72871A40D70AAE0566E9CE31 /* AppCompositionTests.swift */; };
		F2CB6BCB819D4DAA455C6FE0 /* SimulatorSeedTests.swift in Sources */ = {isa = PBXBuildFile; fileRef = 0FA3A806F48EF86136C94C85 /* SimulatorSeedTests.swift */; };
		F335A8FC01FE43617F9FB5C8 /* RepositorySettingsViewModelTests.swift in Sources */ = {isa = PBXBuildFile; fileRef = 9CC6FA68B64F974849A2FD5F /* RepositorySettingsViewModelTests.swift */; };
		F5187CABAE1CAC753A00B58E /* ExtensionCancellationTests.swift in Sources */ = {isa = PBXBuildFile; fileRef = CD39C55F6082921DFE723308 /* ExtensionCancellationTests.swift */; };
		F71909E2DE1998083100EF3D /* SourceRegistryTests.swift in Sources */ = {isa = PBXBuildFile; fileRef = B4D62FDA51410716093066F1 /* SourceRegistryTests.swift */; };
		F93A28197C642D53DC7CEC31 /* ExtensionPortHarness.swift in Sources */ = {isa = PBXBuildFile; fileRef = 06A3DBA01D9E1959777FC658 /* ExtensionPortHarness.swift */; };
		FBEB5F2F2AFEBA4908593720 /* LibraryRefreshCoordinatorTests.swift in Sources */ = {isa = PBXBuildFile; fileRef = 5E80918D9E1FCC45D4322C48 /* LibraryRefreshCoordinatorTests.swift */; };
		FEEF41F1552E366A45493038 /* MALAccountSettingsView.swift in Sources */ = {isa = PBXBuildFile; fileRef = 15424202EDA73FD92FCF14A8 /* MALAccountSettingsView.swift */; };
/* End PBXBuildFile section */

/* Begin PBXContainerItemProxy section */
		ADE549322C0A9CCD007AE172 /* PBXContainerItemProxy */ = {
			isa = PBXContainerItemProxy;
			containerPortal = ADE549192C0A9CCA007AE172 /* Project object */;
			proxyType = 1;
			remoteGlobalIDString = ADE549202C0A9CCA007AE172;
			remoteInfo = MangaCarta;
		};
		ADE5493C2C0A9CCD007AE172 /* PBXContainerItemProxy */ = {
			isa = PBXContainerItemProxy;
			containerPortal = ADE549192C0A9CCA007AE172 /* Project object */;
			proxyType = 1;
			remoteGlobalIDString = ADE549202C0A9CCA007AE172;
			remoteInfo = MangaCarta;
		};
/* End PBXContainerItemProxy section */

/* Begin PBXFileReference section */
		059A06C836FA253905E57939 /* PrivacyInfo.xcprivacy */ = {isa = PBXFileReference; name = PrivacyInfo.xcprivacy; path = PrivacyInfo.xcprivacy; sourceTree = "<group>"; };
		06A3DBA01D9E1959777FC658 /* ExtensionPortHarness.swift */ = {isa = PBXFileReference; explicitFileType = sourcecode.swift; lastKnownFileType = sourcecode.swift; name = ExtensionPortHarness.swift; path = ExtensionPortHarness.swift; sourceTree = "<group>"; };
		0D0104DD48E269F67C2B7B33 /* stored.zip */ = {isa = PBXFileReference; explicitFileType = archive.zip; lastKnownFileType = archive.zip; name = stored.zip; path = stored.zip; sourceTree = "<group>"; };
		0E374EDB3E7A43043E5E425E /* ManifestValidationCodeFreeTests.swift */ = {isa = PBXFileReference; explicitFileType = sourcecode.swift; lastKnownFileType = sourcecode.swift; name = ManifestValidationCodeFreeTests.swift; path = ManifestValidationCodeFreeTests.swift; sourceTree = "<group>"; };
		0FA3A806F48EF86136C94C85 /* SimulatorSeedTests.swift */ = {isa = PBXFileReference; explicitFileType = sourcecode.swift; path = SimulatorSeedTests.swift; sourceTree = "<group>"; };
		10FB6AEDA2B5867D1C5715D0 /* LocalSourceTests.swift */ = {isa = PBXFileReference; explicitFileType = sourcecode.swift; lastKnownFileType = sourcecode.swift; name = LocalSourceTests.swift; path = LocalSourceTests.swift; sourceTree = "<group>"; };
		110525E44AB9F4DEB9FA813B /* LocalLibraryDeletionTests.swift */ = {isa = PBXFileReference; explicitFileType = sourcecode.swift; lastKnownFileType = sourcecode.swift; name = LocalLibraryDeletionTests.swift; path = LocalLibraryDeletionTests.swift; sourceTree = "<group>"; };
		15424202EDA73FD92FCF14A8 /* MALAccountSettingsView.swift */ = {isa = PBXFileReference; explicitFileType = sourcecode.swift; lastKnownFileType = sourcecode.swift; name = MALAccountSettingsView.swift; path = MALAccountSettingsView.swift; sourceTree = "<group>"; };
		157ECE58A8A05C891EC65688 /* SourceLifecycleRegistryTests.swift */ = {isa = PBXFileReference; explicitFileType = sourcecode.swift; lastKnownFileType = sourcecode.swift; name = SourceLifecycleRegistryTests.swift; path = SourceLifecycleRegistryTests.swift; sourceTree = "<group>"; };
		160217FD87987E18500CF6C2 /* LocalImageCacheTests.swift */ = {isa = PBXFileReference; explicitFileType = sourcecode.swift; lastKnownFileType = sourcecode.swift; name = LocalImageCacheTests.swift; path = LocalImageCacheTests.swift; sourceTree = "<group>"; };
		1A92BCCCD451C064F6E4999D /* deflated.cbz */ = {isa = PBXFileReference; name = deflated.cbz; path = deflated.cbz; sourceTree = "<group>"; };
		25BBABC580DD506283C995BE /* ReadingPositionTests.swift */ = {isa = PBXFileReference; explicitFileType = sourcecode.swift; path = ReadingPositionTests.swift; sourceTree = "<group>"; };
		25F4731A8944E45ED19460F9 /* LocalImportSlice2Tests.swift */ = {isa = PBXFileReference; explicitFileType = sourcecode.swift; lastKnownFileType = sourcecode.swift; name = LocalImportSlice2Tests.swift; path = LocalImportSlice2Tests.swift; sourceTree = "<group>"; };
		28F0E06D7EC96A13D6FC582B /* MALAccountPresentationTests.swift */ = {isa = PBXFileReference; explicitFileType = sourcecode.swift; lastKnownFileType = sourcecode.swift; name = MALAccountPresentationTests.swift; path = MALAccountPresentationTests.swift; sourceTree = "<group>"; };
		2B1DC8D1ABB8F639591D5ABE /* RepositoryIndexValidatorTests.swift */ = {isa = PBXFileReference; explicitFileType = sourcecode.swift; lastKnownFileType = sourcecode.swift; name = RepositoryIndexValidatorTests.swift; path = RepositoryIndexValidatorTests.swift; sourceTree = "<group>"; };
		318CB85638AEB7E5B966E92E /* BundledWeebCentralCutoverTests.swift */ = {isa = PBXFileReference; explicitFileType = sourcecode.swift; lastKnownFileType = sourcecode.swift; name = BundledWeebCentralCutoverTests.swift; path = BundledWeebCentralCutoverTests.swift; sourceTree = "<group>"; };
		3230EFD03B407AE9AF0906F2 /* MetadataUpgradeQueueTests.swift */ = {isa = PBXFileReference; explicitFileType = sourcecode.swift; path = MetadataUpgradeQueueTests.swift; sourceTree = "<group>"; };
		3A3F7D58DAF1DEBCD14D548D /* MALAuthenticatedClientTests.swift */ = {isa = PBXFileReference; explicitFileType = sourcecode.swift; lastKnownFileType = sourcecode.swift; name = MALAuthenticatedClientTests.swift; path = MALAuthenticatedClientTests.swift; sourceTree = "<group>"; };
		3A53238F7135B4DDED8A7AE8 /* MangaDexEngineTests.swift */ = {isa = PBXFileReference; explicitFileType = sourcecode.swift; lastKnownFileType = sourcecode.swift; name = MangaDexEngineTests.swift; path = MangaDexEngineTests.swift; sourceTree = "<group>"; };
		3AC3FBA0CCEE925AC3AA1038 /* UpdateStateStoreTests.swift */ = {isa = PBXFileReference; explicitFileType = sourcecode.swift; lastKnownFileType = sourcecode.swift; name = UpdateStateStoreTests.swift; path = UpdateStateStoreTests.swift; sourceTree = "<group>"; };
		3D5499DDE8D85DAE91D84C84 /* HostAPIVersionTests.swift */ = {isa = PBXFileReference; explicitFileType = sourcecode.swift; lastKnownFileType = sourcecode.swift; name = HostAPIVersionTests.swift; path = HostAPIVersionTests.swift; sourceTree = "<group>"; };
		3DA7A2282D50C237F0605C23 /* LocalChapterLayoutTests.swift */ = {isa = PBXFileReference; explicitFileType = sourcecode.swift; lastKnownFileType = sourcecode.swift; name = LocalChapterLayoutTests.swift; path = LocalChapterLayoutTests.swift; sourceTree = "<group>"; };
		3FDBB47532459A9B7F65F5D3 /* UpgradeAttemptMemoryTests.swift */ = {isa = PBXFileReference; explicitFileType = sourcecode.swift; path = UpgradeAttemptMemoryTests.swift; sourceTree = "<group>"; };
		40EE9C870ACFE67902D8ADB6 /* MALOAuthTests.swift */ = {isa = PBXFileReference; explicitFileType = sourcecode.swift; lastKnownFileType = sourcecode.swift; name = MALOAuthTests.swift; path = MALOAuthTests.swift; sourceTree = "<group>"; };
		425A9211A2A05AB2A037004A /* SectionHeaderPresentationTests.swift */ = {isa = PBXFileReference; explicitFileType = sourcecode.swift; lastKnownFileType = sourcecode.swift; name = SectionHeaderPresentationTests.swift; path = SectionHeaderPresentationTests.swift; sourceTree = "<group>"; };
		48D07F7D8ABE9A56C85049E3 /* WebKitPartitioningSpikeTests.swift */ = {isa = PBXFileReference; explicitFileType = sourcecode.swift; lastKnownFileType = sourcecode.swift; name = WebKitPartitioningSpikeTests.swift; path = WebKitPartitioningSpikeTests.swift; sourceTree = "<group>"; };
		4DAFC1B6DC1B892DB348D885 /* TagPairSeedingTests.swift */ = {isa = PBXFileReference; explicitFileType = sourcecode.swift; path = TagPairSeedingTests.swift; sourceTree = "<group>"; };
		4E407B24777AF4329D9F3990 /* PDFImportTests.swift */ = {isa = PBXFileReference; explicitFileType = sourcecode.swift; lastKnownFileType = sourcecode.swift; name = PDFImportTests.swift; path = PDFImportTests.swift; sourceTree = "<group>"; };
		5230FD01E25E27D46B7F6BCF /* FulfillmentRoutingTests.swift */ = {isa = PBXFileReference; explicitFileType = sourcecode.swift; lastKnownFileType = sourcecode.swift; name = FulfillmentRoutingTests.swift; path = FulfillmentRoutingTests.swift; sourceTree = "<group>"; };
		54DF9AC06BC3503F0EFAA8F4 /* LocalLibraryStoreTests.swift */ = {isa = PBXFileReference; explicitFileType = sourcecode.swift; lastKnownFileType = sourcecode.swift; name = LocalLibraryStoreTests.swift; path = LocalLibraryStoreTests.swift; sourceTree = "<group>"; };
		558870572443F52BE0F33C08 /* ExtensionInstallerTests.swift */ = {isa = PBXFileReference; explicitFileType = sourcecode.swift; lastKnownFileType = sourcecode.swift; name = ExtensionInstallerTests.swift; path = ExtensionInstallerTests.swift; sourceTree = "<group>"; };
		55A2DC23BFF7D4B3B4BF19B5 /* ExtensionDomainSchemaTests.swift */ = {isa = PBXFileReference; explicitFileType = sourcecode.swift; lastKnownFileType = sourcecode.swift; name = ExtensionDomainSchemaTests.swift; path = ExtensionDomainSchemaTests.swift; sourceTree = "<group>"; };
		570EA9B70F2674D6ABAEBB4C /* MALProgressOutboxTests.swift */ = {isa = PBXFileReference; explicitFileType = sourcecode.swift; lastKnownFileType = sourcecode.swift; name = MALProgressOutboxTests.swift; path = MALProgressOutboxTests.swift; sourceTree = "<group>"; };
		5D7B3EDC482CBB6114C9D9DE /* LocalImportUITests.swift */ = {isa = PBXFileReference; explicitFileType = sourcecode.swift; lastKnownFileType = sourcecode.swift; name = LocalImportUITests.swift; path = LocalImportUITests.swift; sourceTree = "<group>"; };
		5E80918D9E1FCC45D4322C48 /* LibraryRefreshCoordinatorTests.swift */ = {isa = PBXFileReference; explicitFileType = sourcecode.swift; lastKnownFileType = sourcecode.swift; name = LibraryRefreshCoordinatorTests.swift; path = LibraryRefreshCoordinatorTests.swift; sourceTree = "<group>"; };
		651410493E4CE11A30957C52 /* WebtoonGeometryTests.swift */ = {isa = PBXFileReference; explicitFileType = sourcecode.swift; path = WebtoonGeometryTests.swift; sourceTree = "<group>"; };
		692709FBEDCACC3B7ADB0FA2 /* MALTokenManagerTests.swift */ = {isa = PBXFileReference; explicitFileType = sourcecode.swift; lastKnownFileType = sourcecode.swift; name = MALTokenManagerTests.swift; path = MALTokenManagerTests.swift; sourceTree = "<group>"; };
		6B295C51CE6541D787C8F0D1 /* UpdateSchedulerTests.swift */ = {isa = PBXFileReference; explicitFileType = sourcecode.swift; lastKnownFileType = sourcecode.swift; name = UpdateSchedulerTests.swift; path = UpdateSchedulerTests.swift; sourceTree = "<group>"; };
		6B2B7CE0937C316EF0F01BE1 /* UpdateNotifierTests.swift */ = {isa = PBXFileReference; explicitFileType = sourcecode.swift; lastKnownFileType = sourcecode.swift; name = UpdateNotifierTests.swift; path = UpdateNotifierTests.swift; sourceTree = "<group>"; };
		6B57E209F969929C978BDC9F /* ExtensionRuntimeTests.swift */ = {isa = PBXFileReference; explicitFileType = sourcecode.swift; lastKnownFileType = sourcecode.swift; name = ExtensionRuntimeTests.swift; path = ExtensionRuntimeTests.swift; sourceTree = "<group>"; };
		6B7BE509945A53D61A65F8C3 /* zip-command.zip */ = {isa = PBXFileReference; explicitFileType = archive.zip; lastKnownFileType = archive.zip; name = "zip-command.zip"; path = "zip-command.zip"; sourceTree = "<group>"; };
		6CAF4BBA9362C0353B31F45A /* RegistryInjectionTests.swift */ = {isa = PBXFileReference; explicitFileType = sourcecode.swift; lastKnownFileType = sourcecode.swift; name = RegistryInjectionTests.swift; path = RegistryInjectionTests.swift; sourceTree = "<group>"; };
		72871A40D70AAE0566E9CE31 /* AppCompositionTests.swift */ = {isa = PBXFileReference; explicitFileType = sourcecode.swift; path = AppCompositionTests.swift; sourceTree = "<group>"; };
		766B1DFB618998085A56F4AF /* SourceDeclarationValidatorTests.swift */ = {isa = PBXFileReference; explicitFileType = sourcecode.swift; lastKnownFileType = sourcecode.swift; name = SourceDeclarationValidatorTests.swift; path = SourceDeclarationValidatorTests.swift; sourceTree = "<group>"; };
		79D0EDF91616E5D9AE22E31C /* archive-utility.cbz */ = {isa = PBXFileReference; name = "archive-utility.cbz"; path = "archive-utility.cbz"; sourceTree = "<group>"; };
		83ADCF36D87549CB18284F7E /* LibraryUpdatesPresentationTests.swift */ = {isa = PBXFileReference; explicitFileType = sourcecode.swift; lastKnownFileType = sourcecode.swift; name = LibraryUpdatesPresentationTests.swift; path = LibraryUpdatesPresentationTests.swift; sourceTree = "<group>"; };
		8402F36EE8C2A9E6D5BE0E7E /* SourcePreferenceUITests.swift */ = {isa = PBXFileReference; explicitFileType = sourcecode.swift; lastKnownFileType = sourcecode.swift; name = SourcePreferenceUITests.swift; path = SourcePreferenceUITests.swift; sourceTree = "<group>"; };
		846EC8488D4E46DAB7E152EC /* AniListPoolTests.swift */ = {isa = PBXFileReference; explicitFileType = sourcecode.swift; path = AniListPoolTests.swift; sourceTree = "<group>"; };
		88AEBBAAB25C6B09F0FE797B /* ExtensionSourceTests.swift */ = {isa = PBXFileReference; explicitFileType = sourcecode.swift; lastKnownFileType = sourcecode.swift; name = ExtensionSourceTests.swift; path = ExtensionSourceTests.swift; sourceTree = "<group>"; };
		8FA67CD30FC7B8F6A41AE61C /* MALReadingProgressTests.swift */ = {isa = PBXFileReference; explicitFileType = sourcecode.swift; lastKnownFileType = sourcecode.swift; name = MALReadingProgressTests.swift; path = MALReadingProgressTests.swift; sourceTree = "<group>"; };
		8FDB4839B0D46079491B9A04 /* RepositorySettingsUITests.swift */ = {isa = PBXFileReference; explicitFileType = sourcecode.swift; lastKnownFileType = sourcecode.swift; name = RepositorySettingsUITests.swift; path = RepositorySettingsUITests.swift; sourceTree = "<group>"; };
		8FF07AE22F27097C7728C4C3 /* AdultSourceGatingTests.swift */ = {isa = PBXFileReference; explicitFileType = sourcecode.swift; lastKnownFileType = sourcecode.swift; name = AdultSourceGatingTests.swift; path = AdultSourceGatingTests.swift; sourceTree = "<group>"; };
		988991C0F003C55F34001352 /* UpdatesUITests.swift */ = {isa = PBXFileReference; explicitFileType = sourcecode.swift; lastKnownFileType = sourcecode.swift; name = UpdatesUITests.swift; path = UpdatesUITests.swift; sourceTree = "<group>"; };
		9C6FEFC3040D33CD88650572 /* ReaderPresentationTests.swift */ = {isa = PBXFileReference; explicitFileType = sourcecode.swift; path = ReaderPresentationTests.swift; sourceTree = "<group>"; };
		9CC6FA68B64F974849A2FD5F /* RepositorySettingsViewModelTests.swift */ = {isa = PBXFileReference; explicitFileType = sourcecode.swift; lastKnownFileType = sourcecode.swift; name = RepositorySettingsViewModelTests.swift; path = RepositorySettingsViewModelTests.swift; sourceTree = "<group>"; };
		9D36FDBC6AC0513465888FAB /* ChapterRowPresentationTests.swift */ = {isa = PBXFileReference; explicitFileType = sourcecode.swift; lastKnownFileType = sourcecode.swift; name = ChapterRowPresentationTests.swift; path = ChapterRowPresentationTests.swift; sourceTree = "<group>"; };
		A7F1E11DDAC54DA6929F8EB2 /* ChapterListView.swift */ = {isa = PBXFileReference; lastKnownFileType = sourcecode.swift; path = ChapterListView.swift; sourceTree = "<group>"; };
		AC93D3828ABC877B7F41D12D /* MALProgressCoordinatorTests.swift */ = {isa = PBXFileReference; explicitFileType = sourcecode.swift; lastKnownFileType = sourcecode.swift; name = MALProgressCoordinatorTests.swift; path = MALProgressCoordinatorTests.swift; sourceTree = "<group>"; };
		AD1157092EA0000100CF2434 /* HistoryView.swift */ = {isa = PBXFileReference; lastKnownFileType = sourcecode.swift; path = HistoryView.swift; sourceTree = "<group>"; };
		AD1157092EA0000300CF2434 /* Secrets.xcconfig */ = {isa = PBXFileReference; lastKnownFileType = text.xcconfig; path = Secrets.xcconfig; sourceTree = "<group>"; };
		AD1157092EA0000600CF2434 /* Info.plist */ = {isa = PBXFileReference; lastKnownFileType = text.plist.xml; path = Info.plist; sourceTree = "<group>"; };
		AD5501012E0000010000000B /* RecommendationGoldenTests.swift */ = {isa = PBXFileReference; lastKnownFileType = sourcecode.swift; path = RecommendationGoldenTests.swift; sourceTree = "<group>"; };
		AD5501022E0000010000000B /* AniListAPITests.swift */ = {isa = PBXFileReference; lastKnownFileType = sourcecode.swift; path = AniListAPITests.swift; sourceTree = "<group>"; };
		AD5501032E0000010000000B /* WorkStoreTests.swift */ = {isa = PBXFileReference; lastKnownFileType = sourcecode.swift; path = WorkStoreTests.swift; sourceTree = "<group>"; };
		AD5501042E0000010000000B /* WorkMintingTests.swift */ = {isa = PBXFileReference; lastKnownFileType = sourcecode.swift; path = WorkMintingTests.swift; sourceTree = "<group>"; };
		AD5501052E0000010000000B /* TasteProfileGoldenTests.swift */ = {isa = PBXFileReference; lastKnownFileType = sourcecode.swift; path = TasteProfileGoldenTests.swift; sourceTree = "<group>"; };
		AD5501062E0000010000000B /* TasteProfileTests.swift */ = {isa = PBXFileReference; lastKnownFileType = sourcecode.swift; path = TasteProfileTests.swift; sourceTree = "<group>"; };
		ADCA7E102EC7000100CF2434 /* CategoryGridView.swift */ = {isa = PBXFileReference; lastKnownFileType = sourcecode.swift; path = CategoryGridView.swift; sourceTree = "<group>"; };
		ADDACC8B2EC6AC2D0026FBAE /* MangaDetailView.swift */ = {isa = PBXFileReference; lastKnownFileType = sourcecode.swift; path = MangaDetailView.swift; sourceTree = "<group>"; };
		ADDACC9A2EC6AC2D0026FBAE /* ReaderView.swift */ = {isa = PBXFileReference; lastKnownFileType = sourcecode.swift; path = ReaderView.swift; sourceTree = "<group>"; };
		ADE549212C0A9CCA007AE172 /* MangaCarta.app */ = {isa = PBXFileReference; explicitFileType = wrapper.application; includeInIndex = 0; path = MangaCarta.app; sourceTree = BUILT_PRODUCTS_DIR; };
		ADE549242C0A9CCA007AE172 /* MangaCartaApp.swift */ = {isa = PBXFileReference; lastKnownFileType = sourcecode.swift; path = MangaCartaApp.swift; sourceTree = "<group>"; };
		ADE549262C0A9CCA007AE172 /* ContentView.swift */ = {isa = PBXFileReference; lastKnownFileType = sourcecode.swift; path = ContentView.swift; sourceTree = "<group>"; };
		ADE549282C0A9CCC007AE172 /* Assets.xcassets */ = {isa = PBXFileReference; lastKnownFileType = folder.assetcatalog; path = Assets.xcassets; sourceTree = "<group>"; };
		ADE5492B2C0A9CCC007AE172 /* Preview Assets.xcassets */ = {isa = PBXFileReference; lastKnownFileType = folder.assetcatalog; path = "Preview Assets.xcassets"; sourceTree = "<group>"; };
		ADE549312C0A9CCD007AE172 /* MangaCartaTests.xctest */ = {isa = PBXFileReference; explicitFileType = wrapper.cfbundle; includeInIndex = 0; path = MangaCartaTests.xctest; sourceTree = BUILT_PRODUCTS_DIR; };
		ADE549352C0A9CCD007AE172 /* MangaCartaTests.swift */ = {isa = PBXFileReference; lastKnownFileType = sourcecode.swift; path = MangaCartaTests.swift; sourceTree = "<group>"; };
		ADE5493B2C0A9CCD007AE172 /* MangaCartaUITests.xctest */ = {isa = PBXFileReference; explicitFileType = wrapper.cfbundle; includeInIndex = 0; path = MangaCartaUITests.xctest; sourceTree = BUILT_PRODUCTS_DIR; };
		ADE5493F2C0A9CCD007AE172 /* MangaCartaUITests.swift */ = {isa = PBXFileReference; lastKnownFileType = sourcecode.swift; path = MangaCartaUITests.swift; sourceTree = "<group>"; };
		ADE549412C0A9CCD007AE172 /* MangaCartaUITestsLaunchTests.swift */ = {isa = PBXFileReference; lastKnownFileType = sourcecode.swift; path = MangaCartaUITestsLaunchTests.swift; sourceTree = "<group>"; };
		ADEF83CD2E8F323700CF2434 /* HomeView.swift */ = {isa = PBXFileReference; lastKnownFileType = sourcecode.swift; path = HomeView.swift; sourceTree = "<group>"; };
		ADEF83CF2E8F329200CF2434 /* BookmarksView.swift */ = {isa = PBXFileReference; lastKnownFileType = sourcecode.swift; path = BookmarksView.swift; sourceTree = "<group>"; };
		ADEF83D12E8F32A500CF2434 /* SearchView.swift */ = {isa = PBXFileReference; lastKnownFileType = sourcecode.swift; path = SearchView.swift; sourceTree = "<group>"; };
		ADEF83D32E8F32B300CF2434 /* SettingsView.swift */ = {isa = PBXFileReference; lastKnownFileType = sourcecode.swift; path = SettingsView.swift; sourceTree = "<group>"; };
		B0D1ED00A5F0000000000001 /* BundledRepositories */ = {isa = PBXFileReference; lastKnownFileType = folder; name = BundledRepositories; path = Resources/BundledRepositories; sourceTree = "<group>"; };
		B0E74298ED1B8A1EF38B1F1A /* ListingCountCacheTests.swift */ = {isa = PBXFileReference; explicitFileType = sourcecode.swift; lastKnownFileType = sourcecode.swift; name = ListingCountCacheTests.swift; path = ListingCountCacheTests.swift; sourceTree = "<group>"; };
		B1F8F25CDCFB39414F501863 /* SimulatorSeed.swift */ = {isa = PBXFileReference; explicitFileType = sourcecode.swift; path = SimulatorSeed.swift; sourceTree = "<group>"; };
		B3B6993ADB787E853D2AA745 /* MangaDetailRetargetTests.swift */ = {isa = PBXFileReference; explicitFileType = sourcecode.swift; lastKnownFileType = sourcecode.swift; name = MangaDetailRetargetTests.swift; path = MangaDetailRetargetTests.swift; sourceTree = "<group>"; };
		B4D62FDA51410716093066F1 /* SourceRegistryTests.swift */ = {isa = PBXFileReference; explicitFileType = sourcecode.swift; lastKnownFileType = sourcecode.swift; name = SourceRegistryTests.swift; path = SourceRegistryTests.swift; sourceTree = "<group>"; };
		B8B398D290C56B3F36F76D25 /* WeebCentralPortTests.swift */ = {isa = PBXFileReference; explicitFileType = sourcecode.swift; lastKnownFileType = sourcecode.swift; name = WeebCentralPortTests.swift; path = WeebCentralPortTests.swift; sourceTree = "<group>"; };
		BF203ECB1EBB5AD14908ABE6 /* MALReverseResolverTests.swift */ = {isa = PBXFileReference; explicitFileType = sourcecode.swift; path = MALReverseResolverTests.swift; sourceTree = "<group>"; };
		C0F08AAE21C8BB7FAC3D0373 /* HostCapabilityTests.swift */ = {isa = PBXFileReference; explicitFileType = sourcecode.swift; lastKnownFileType = sourcecode.swift; name = HostCapabilityTests.swift; path = HostCapabilityTests.swift; sourceTree = "<group>"; };
		C5E70158C296EAD62B78AD1B /* MALCredentialStoreTests.swift */ = {isa = PBXFileReference; explicitFileType = sourcecode.swift; lastKnownFileType = sourcecode.swift; name = MALCredentialStoreTests.swift; path = MALCredentialStoreTests.swift; sourceTree = "<group>"; };
		CCEA6025BCD90B3F70131F41 /* BrowserInteractionSpikeTests.swift */ = {isa = PBXFileReference; explicitFileType = sourcecode.swift; lastKnownFileType = sourcecode.swift; name = BrowserInteractionSpikeTests.swift; path = BrowserInteractionSpikeTests.swift; sourceTree = "<group>"; };
		CD39C55F6082921DFE723308 /* ExtensionCancellationTests.swift */ = {isa = PBXFileReference; explicitFileType = sourcecode.swift; lastKnownFileType = sourcecode.swift; name = ExtensionCancellationTests.swift; path = ExtensionCancellationTests.swift; sourceTree = "<group>"; };
		D3077F8455CE3CDC586CB6F0 /* ReaderViewModelTests.swift */ = {isa = PBXFileReference; explicitFileType = sourcecode.swift; path = ReaderViewModelTests.swift; sourceTree = "<group>"; };
		D5126489CA87F733C9828F3B /* ChapterFrontierTests.swift */ = {isa = PBXFileReference; explicitFileType = sourcecode.swift; lastKnownFileType = sourcecode.swift; name = ChapterFrontierTests.swift; path = ChapterFrontierTests.swift; sourceTree = "<group>"; };
		DBC6F29C8208094651FCAC5C /* TagVocabularyStoreTests.swift */ = {isa = PBXFileReference; explicitFileType = sourcecode.swift; path = TagVocabularyStoreTests.swift; sourceTree = "<group>"; };
		DFD0D41CDB5858D85E249DB5 /* ExtensionJSBridgeTests.swift */ = {isa = PBXFileReference; explicitFileType = sourcecode.swift; lastKnownFileType = sourcecode.swift; name = ExtensionJSBridgeTests.swift; path = ExtensionJSBridgeTests.swift; sourceTree = "<group>"; };
		E5E9CFEC07A8CB9B509A7DE0 /* SourcePickerPresentationTests.swift */ = {isa = PBXFileReference; explicitFileType = sourcecode.swift; lastKnownFileType = sourcecode.swift; name = SourcePickerPresentationTests.swift; path = SourcePickerPresentationTests.swift; sourceTree = "<group>"; };
		E667FDCB0E51CEB963BB2E88 /* SimulatorSeedFixture.swift */ = {isa = PBXFileReference; explicitFileType = sourcecode.swift; path = SimulatorSeedFixture.swift; sourceTree = "<group>"; };
		EACB1C0C0BFFBB54676C087D /* ZipArchiveReaderTests.swift */ = {isa = PBXFileReference; explicitFileType = sourcecode.swift; lastKnownFileType = sourcecode.swift; name = ZipArchiveReaderTests.swift; path = ZipArchiveReaderTests.swift; sourceTree = "<group>"; };
		ED10F20BF60C2CD05761BFCB /* MALAccountStoreTests.swift */ = {isa = PBXFileReference; explicitFileType = sourcecode.swift; lastKnownFileType = sourcecode.swift; name = MALAccountStoreTests.swift; path = MALAccountStoreTests.swift; sourceTree = "<group>"; };
		F1A3C860E87DEAC28334AADD /* SourceCapabilityTests.swift */ = {isa = PBXFileReference; explicitFileType = sourcecode.swift; lastKnownFileType = sourcecode.swift; name = SourceCapabilityTests.swift; path = SourceCapabilityTests.swift; sourceTree = "<group>"; };
		F3A793CC30333D68B9CCECA4 /* SourcePreferenceStoreTests.swift */ = {isa = PBXFileReference; explicitFileType = sourcecode.swift; lastKnownFileType = sourcecode.swift; name = SourcePreferenceStoreTests.swift; path = SourcePreferenceStoreTests.swift; sourceTree = "<group>"; };
		FFAE063A0FB014D28F63FBD1 /* FulfillmentCoordinatorTests.swift */ = {isa = PBXFileReference; explicitFileType = sourcecode.swift; lastKnownFileType = sourcecode.swift; name = FulfillmentCoordinatorTests.swift; path = FulfillmentCoordinatorTests.swift; sourceTree = "<group>"; };
/* End PBXFileReference section */

/* Begin PBXFileSystemSynchronizedRootGroup section */
		AD2219972E98A7D600F0EC25 /* Components */ = {
			isa = PBXFileSystemSynchronizedRootGroup;
			explicitFileTypes = {
			};
			explicitFolders = (
			);
			path = Components;
			sourceTree = "<group>";
		};
		ADEF83D62E96ED2E00CF2434 /* Services */ = {
			isa = PBXFileSystemSynchronizedRootGroup;
			explicitFileTypes = {
			};
			explicitFolders = (
			);
			path = Services;
			sourceTree = "<group>";
		};
		ADEF83D82E96ED5800CF2434 /* Models */ = {
			isa = PBXFileSystemSynchronizedRootGroup;
			explicitFileTypes = {
			};
			explicitFolders = (
			);
			path = Models;
			sourceTree = "<group>";
		};
/* End PBXFileSystemSynchronizedRootGroup section */

/* Begin PBXFrameworksBuildPhase section */
		ADE5491E2C0A9CCA007AE172 /* Frameworks */ = {
			isa = PBXFrameworksBuildPhase;
			buildActionMask = 2147483647;
			files = (
			);
			runOnlyForDeploymentPostprocessing = 0;
		};
		ADE5492E2C0A9CCD007AE172 /* Frameworks */ = {
			isa = PBXFrameworksBuildPhase;
			buildActionMask = 2147483647;
			files = (
			);
			runOnlyForDeploymentPostprocessing = 0;
		};
		ADE549382C0A9CCD007AE172 /* Frameworks */ = {
			isa = PBXFrameworksBuildPhase;
			buildActionMask = 2147483647;
			files = (
			);
			runOnlyForDeploymentPostprocessing = 0;
		};
/* End PBXFrameworksBuildPhase section */

/* Begin PBXGroup section */
		51B81AC45D5426A360503649 /* Fixtures */ = {
			isa = PBXGroup;
			children = (
				1A92BCCCD451C064F6E4999D /* deflated.cbz */,
				0D0104DD48E269F67C2B7B33 /* stored.zip */,
				79D0EDF91616E5D9AE22E31C /* archive-utility.cbz */,
				6B7BE509945A53D61A65F8C3 /* zip-command.zip */,
			);
			name = Fixtures;
			path = Fixtures;
			sourceTree = "<group>";
		};
		ADE549182C0A9CCA007AE172 = {
			isa = PBXGroup;
			children = (
				ADE549232C0A9CCA007AE172 /* MangaCarta */,
				AD1157092EA0000300CF2434 /* Secrets.xcconfig */,
				ADE549342C0A9CCD007AE172 /* MangaCartaTests */,
				ADE5493E2C0A9CCD007AE172 /* MangaCartaUITests */,
				ADE549222C0A9CCA007AE172 /* Products */,
			);
			sourceTree = "<group>";
		};
		ADE549222C0A9CCA007AE172 /* Products */ = {
			isa = PBXGroup;
			children = (
				ADE549212C0A9CCA007AE172 /* MangaCarta.app */,
				ADE549312C0A9CCD007AE172 /* MangaCartaTests.xctest */,
				ADE5493B2C0A9CCD007AE172 /* MangaCartaUITests.xctest */,
			);
			name = Products;
			sourceTree = "<group>";
		};
		ADE549232C0A9CCA007AE172 /* MangaCarta */ = {
			isa = PBXGroup;
			children = (
				ADEF83D82E96ED5800CF2434 /* Models */,
				ADEF83D62E96ED2E00CF2434 /* Services */,
				ADE549242C0A9CCA007AE172 /* MangaCartaApp.swift */,
				ADE549262C0A9CCA007AE172 /* ContentView.swift */,
				AD1157092EA0000600CF2434 /* Info.plist */,
				ADEF83D52E8F375100CF2434 /* Views */,
				ADE549282C0A9CCC007AE172 /* Assets.xcassets */,
				ADE5492A2C0A9CCC007AE172 /* Preview Content */,
				059A06C836FA253905E57939 /* PrivacyInfo.xcprivacy */,
				B0D1ED00A5F0000000000001 /* BundledRepositories */,
			);
			path = MangaCarta;
			sourceTree = "<group>";
		};
		ADE5492A2C0A9CCC007AE172 /* Preview Content */ = {
			isa = PBXGroup;
			children = (
				ADE5492B2C0A9CCC007AE172 /* Preview Assets.xcassets */,
			);
			path = "Preview Content";
			sourceTree = "<group>";
		};
		ADE549342C0A9CCD007AE172 /* MangaCartaTests */ = {
			isa = PBXGroup;
			children = (
				ADE549352C0A9CCD007AE172 /* MangaCartaTests.swift */,
				AD5501012E0000010000000B /* RecommendationGoldenTests.swift */,
				AD5501022E0000010000000B /* AniListAPITests.swift */,
				AD5501032E0000010000000B /* WorkStoreTests.swift */,
				AD5501042E0000010000000B /* WorkMintingTests.swift */,
				AD5501052E0000010000000B /* TasteProfileGoldenTests.swift */,
				AD5501062E0000010000000B /* TasteProfileTests.swift */,
				3FDBB47532459A9B7F65F5D3 /* UpgradeAttemptMemoryTests.swift */,
				3230EFD03B407AE9AF0906F2 /* MetadataUpgradeQueueTests.swift */,
				9C6FEFC3040D33CD88650572 /* ReaderPresentationTests.swift */,
				D3077F8455CE3CDC586CB6F0 /* ReaderViewModelTests.swift */,
				25BBABC580DD506283C995BE /* ReadingPositionTests.swift */,
				651410493E4CE11A30957C52 /* WebtoonGeometryTests.swift */,
				DBC6F29C8208094651FCAC5C /* TagVocabularyStoreTests.swift */,
				4DAFC1B6DC1B892DB348D885 /* TagPairSeedingTests.swift */,
				846EC8488D4E46DAB7E152EC /* AniListPoolTests.swift */,
				BF203ECB1EBB5AD14908ABE6 /* MALReverseResolverTests.swift */,
				72871A40D70AAE0566E9CE31 /* AppCompositionTests.swift */,
				0FA3A806F48EF86136C94C85 /* SimulatorSeedTests.swift */,
				B1F8F25CDCFB39414F501863 /* SimulatorSeed.swift */,
				E667FDCB0E51CEB963BB2E88 /* SimulatorSeedFixture.swift */,
				8FA67CD30FC7B8F6A41AE61C /* MALReadingProgressTests.swift */,
				570EA9B70F2674D6ABAEBB4C /* MALProgressOutboxTests.swift */,
				40EE9C870ACFE67902D8ADB6 /* MALOAuthTests.swift */,
				C5E70158C296EAD62B78AD1B /* MALCredentialStoreTests.swift */,
				692709FBEDCACC3B7ADB0FA2 /* MALTokenManagerTests.swift */,
				3A3F7D58DAF1DEBCD14D548D /* MALAuthenticatedClientTests.swift */,
				ED10F20BF60C2CD05761BFCB /* MALAccountStoreTests.swift */,
				AC93D3828ABC877B7F41D12D /* MALProgressCoordinatorTests.swift */,
				28F0E06D7EC96A13D6FC582B /* MALAccountPresentationTests.swift */,
				D5126489CA87F733C9828F3B /* ChapterFrontierTests.swift */,
				3AC3FBA0CCEE925AC3AA1038 /* UpdateStateStoreTests.swift */,
				5E80918D9E1FCC45D4322C48 /* LibraryRefreshCoordinatorTests.swift */,
				6B2B7CE0937C316EF0F01BE1 /* UpdateNotifierTests.swift */,
				6B295C51CE6541D787C8F0D1 /* UpdateSchedulerTests.swift */,
				83ADCF36D87549CB18284F7E /* LibraryUpdatesPresentationTests.swift */,
				9D36FDBC6AC0513465888FAB /* ChapterRowPresentationTests.swift */,
				425A9211A2A05AB2A037004A /* SectionHeaderPresentationTests.swift */,
				5230FD01E25E27D46B7F6BCF /* FulfillmentRoutingTests.swift */,
				B0E74298ED1B8A1EF38B1F1A /* ListingCountCacheTests.swift */,
				FFAE063A0FB014D28F63FBD1 /* FulfillmentCoordinatorTests.swift */,
				E5E9CFEC07A8CB9B509A7DE0 /* SourcePickerPresentationTests.swift */,
				F3A793CC30333D68B9CCECA4 /* SourcePreferenceStoreTests.swift */,
				B3B6993ADB787E853D2AA745 /* MangaDetailRetargetTests.swift */,
				8FF07AE22F27097C7728C4C3 /* AdultSourceGatingTests.swift */,
				6CAF4BBA9362C0353B31F45A /* RegistryInjectionTests.swift */,
				55A2DC23BFF7D4B3B4BF19B5 /* ExtensionDomainSchemaTests.swift */,
				3D5499DDE8D85DAE91D84C84 /* HostAPIVersionTests.swift */,
				766B1DFB618998085A56F4AF /* SourceDeclarationValidatorTests.swift */,
				0E374EDB3E7A43043E5E425E /* ManifestValidationCodeFreeTests.swift */,
				48D07F7D8ABE9A56C85049E3 /* WebKitPartitioningSpikeTests.swift */,
				CCEA6025BCD90B3F70131F41 /* BrowserInteractionSpikeTests.swift */,
				DFD0D41CDB5858D85E249DB5 /* ExtensionJSBridgeTests.swift */,
				6B57E209F969929C978BDC9F /* ExtensionRuntimeTests.swift */,
				CD39C55F6082921DFE723308 /* ExtensionCancellationTests.swift */,
				157ECE58A8A05C891EC65688 /* SourceLifecycleRegistryTests.swift */,
				C0F08AAE21C8BB7FAC3D0373 /* HostCapabilityTests.swift */,
				06A3DBA01D9E1959777FC658 /* ExtensionPortHarness.swift */,
				B8B398D290C56B3F36F76D25 /* WeebCentralPortTests.swift */,
				2B1DC8D1ABB8F639591D5ABE /* RepositoryIndexValidatorTests.swift */,
				558870572443F52BE0F33C08 /* ExtensionInstallerTests.swift */,
				88AEBBAAB25C6B09F0FE797B /* ExtensionSourceTests.swift */,
				9CC6FA68B64F974849A2FD5F /* RepositorySettingsViewModelTests.swift */,
				318CB85638AEB7E5B966E92E /* BundledWeebCentralCutoverTests.swift */,
				EACB1C0C0BFFBB54676C087D /* ZipArchiveReaderTests.swift */,
				51B81AC45D5426A360503649 /* Fixtures */,
				25F4731A8944E45ED19460F9 /* LocalImportSlice2Tests.swift */,
				160217FD87987E18500CF6C2 /* LocalImageCacheTests.swift */,
				F1A3C860E87DEAC28334AADD /* SourceCapabilityTests.swift */,
				3DA7A2282D50C237F0605C23 /* LocalChapterLayoutTests.swift */,
				54DF9AC06BC3503F0EFAA8F4 /* LocalLibraryStoreTests.swift */,
				10FB6AEDA2B5867D1C5715D0 /* LocalSourceTests.swift */,
				B4D62FDA51410716093066F1 /* SourceRegistryTests.swift */,
				110525E44AB9F4DEB9FA813B /* LocalLibraryDeletionTests.swift */,
				4E407B24777AF4329D9F3990 /* PDFImportTests.swift */,
				3A53238F7135B4DDED8A7AE8 /* MangaDexEngineTests.swift */,
			);
			path = MangaCartaTests;
			sourceTree = "<group>";
		};
		ADE5493E2C0A9CCD007AE172 /* MangaCartaUITests */ = {
			isa = PBXGroup;
			children = (
				ADE5493F2C0A9CCD007AE172 /* MangaCartaUITests.swift */,
				ADE549412C0A9CCD007AE172 /* MangaCartaUITestsLaunchTests.swift */,
				988991C0F003C55F34001352 /* UpdatesUITests.swift */,
				8402F36EE8C2A9E6D5BE0E7E /* SourcePreferenceUITests.swift */,
				8FDB4839B0D46079491B9A04 /* RepositorySettingsUITests.swift */,
				5D7B3EDC482CBB6114C9D9DE /* LocalImportUITests.swift */,
			);
			path = MangaCartaUITests;
			sourceTree = "<group>";
		};
		ADEF83D52E8F375100CF2434 /* Views */ = {
			isa = PBXGroup;
			children = (
				ADDACC8B2EC6AC2D0026FBAE /* MangaDetailView.swift */,
				ADDACC9A2EC6AC2D0026FBAE /* ReaderView.swift */,
				A7F1E11DDAC54DA6929F8EB2 /* ChapterListView.swift */,
				AD2219972E98A7D600F0EC25 /* Components */,
				ADEF83D12E8F32A500CF2434 /* SearchView.swift */,
				ADEF83D32E8F32B300CF2434 /* SettingsView.swift */,
				ADEF83CF2E8F329200CF2434 /* BookmarksView.swift */,
				ADEF83CD2E8F323700CF2434 /* HomeView.swift */,
				AD1157092EA0000100CF2434 /* HistoryView.swift */,
				ADCA7E102EC7000100CF2434 /* CategoryGridView.swift */,
				15424202EDA73FD92FCF14A8 /* MALAccountSettingsView.swift */,
			);
			path = Views;
			sourceTree = "<group>";
		};
/* End PBXGroup section */

/* Begin PBXNativeTarget section */
		ADE549202C0A9CCA007AE172 /* MangaCarta */ = {
			isa = PBXNativeTarget;
			buildConfigurationList = ADE549452C0A9CCD007AE172 /* Build configuration list for PBXNativeTarget "MangaCarta" */;
			buildPhases = (
				ADE5491D2C0A9CCA007AE172 /* Sources */,
				ADE5491E2C0A9CCA007AE172 /* Frameworks */,
				ADE5491F2C0A9CCA007AE172 /* Resources */,
			);
			buildRules = (
			);
			dependencies = (
			);
			fileSystemSynchronizedGroups = (
				AD2219972E98A7D600F0EC25 /* Components */,
				ADEF83D62E96ED2E00CF2434 /* Services */,
				ADEF83D82E96ED5800CF2434 /* Models */,
			);
			name = MangaCarta;
			productName = MangaCarta;
			productReference = ADE549212C0A9CCA007AE172 /* MangaCarta.app */;
			productType = "com.apple.product-type.application";
		};
		ADE549302C0A9CCD007AE172 /* MangaCartaTests */ = {
			isa = PBXNativeTarget;
			buildConfigurationList = ADE549482C0A9CCD007AE172 /* Build configuration list for PBXNativeTarget "MangaCartaTests" */;
			buildPhases = (
				ADE5492D2C0A9CCD007AE172 /* Sources */,
				ADE5492E2C0A9CCD007AE172 /* Frameworks */,
				ADE5492F2C0A9CCD007AE172 /* Resources */,
			);
			buildRules = (
			);
			dependencies = (
				ADE549332C0A9CCD007AE172 /* PBXTargetDependency */,
			);
			name = MangaCartaTests;
			productName = MangaCartaTests;
			productReference = ADE549312C0A9CCD007AE172 /* MangaCartaTests.xctest */;
			productType = "com.apple.product-type.bundle.unit-test";
		};
		ADE5493A2C0A9CCD007AE172 /* MangaCartaUITests */ = {
			isa = PBXNativeTarget;
			buildConfigurationList = ADE5494B2C0A9CCD007AE172 /* Build configuration list for PBXNativeTarget "MangaCartaUITests" */;
			buildPhases = (
				ADE549372C0A9CCD007AE172 /* Sources */,
				ADE549382C0A9CCD007AE172 /* Frameworks */,
				ADE549392C0A9CCD007AE172 /* Resources */,
			);
			buildRules = (
			);
			dependencies = (
				ADE5493D2C0A9CCD007AE172 /* PBXTargetDependency */,
			);
			name = MangaCartaUITests;
			productName = MangaCartaUITests;
			productReference = ADE5493B2C0A9CCD007AE172 /* MangaCartaUITests.xctest */;
			productType = "com.apple.product-type.bundle.ui-testing";
		};
/* End PBXNativeTarget section */

/* Begin PBXProject section */
		ADE549192C0A9CCA007AE172 /* Project object */ = {
			isa = PBXProject;
			attributes = {
				BuildIndependentTargetsInParallel = 1;
				LastSwiftUpdateCheck = 1540;
				LastUpgradeCheck = 2600;
				TargetAttributes = {
					ADE549202C0A9CCA007AE172 = {
						CreatedOnToolsVersion = 15.4;
					};
					ADE549302C0A9CCD007AE172 = {
						CreatedOnToolsVersion = 15.4;
						TestTargetID = ADE549202C0A9CCA007AE172;
					};
					ADE5493A2C0A9CCD007AE172 = {
						CreatedOnToolsVersion = 15.4;
						TestTargetID = ADE549202C0A9CCA007AE172;
					};
				};
			};
			buildConfigurationList = ADE5491C2C0A9CCA007AE172 /* Build configuration list for PBXProject "MangaCarta" */;
			compatibilityVersion = "Xcode 14.0";
			developmentRegion = en;
			hasScannedForEncodings = 0;
			knownRegions = (
				en,
				Base,
			);
			mainGroup = ADE549182C0A9CCA007AE172;
			productRefGroup = ADE549222C0A9CCA007AE172 /* Products */;
			projectDirPath = "";
			projectRoot = "";
			targets = (
				ADE549202C0A9CCA007AE172 /* MangaCarta */,
				ADE549302C0A9CCD007AE172 /* MangaCartaTests */,
				ADE5493A2C0A9CCD007AE172 /* MangaCartaUITests */,
			);
		};
/* End PBXProject section */

/* Begin PBXResourcesBuildPhase section */
		ADE5491F2C0A9CCA007AE172 /* Resources */ = {
			isa = PBXResourcesBuildPhase;
			buildActionMask = 2147483647;
			files = (
				ADE5492C2C0A9CCC007AE172 /* Preview Assets.xcassets in Resources */,
				ADE549292C0A9CCC007AE172 /* Assets.xcassets in Resources */,
				DF6EA88109DD4986DEDE9B48 /* PrivacyInfo.xcprivacy in Resources */,
				B0D1ED00A5F0000000000002 /* BundledRepositories in Resources */,
			);
			runOnlyForDeploymentPostprocessing = 0;
		};
		ADE5492F2C0A9CCD007AE172 /* Resources */ = {
			isa = PBXResourcesBuildPhase;
			buildActionMask = 2147483647;
			files = (
				1DADC3D8F98A2F4FDCDAF723 /* deflated.cbz in Resources */,
				1E6BD3C44A1DC1892CB2C6E1 /* stored.zip in Resources */,
				10A77BFCF89A0C9C475B1E7E /* archive-utility.cbz in Resources */,
				71343276D5D16C28E58D714C /* zip-command.zip in Resources */,
			);
			runOnlyForDeploymentPostprocessing = 0;
		};
		ADE549392C0A9CCD007AE172 /* Resources */ = {
			isa = PBXResourcesBuildPhase;
			buildActionMask = 2147483647;
			files = (
			);
			runOnlyForDeploymentPostprocessing = 0;
		};
/* End PBXResourcesBuildPhase section */

/* Begin PBXSourcesBuildPhase section */
		ADE5491D2C0A9CCA007AE172 /* Sources */ = {
			isa = PBXSourcesBuildPhase;
			buildActionMask = 2147483647;
			files = (
				ADEF83D22E8F32A500CF2434 /* SearchView.swift in Sources */,
				ADEF83CE2E8F323700CF2434 /* HomeView.swift in Sources */,
				ADE549272C0A9CCA007AE172 /* ContentView.swift in Sources */,
				ADEF83D42E8F32B300CF2434 /* SettingsView.swift in Sources */,
				ADEF83D02E8F329200CF2434 /* BookmarksView.swift in Sources */,
				ADE549252C0A9CCA007AE172 /* MangaCartaApp.swift in Sources */,
				ADDACC8C2EC6AC370026FBAE /* MangaDetailView.swift in Sources */,
				ADDACC9B2EC6AC370026FBAE /* ReaderView.swift in Sources */,
				32C6BD99EB3B4B2F8A87F7F8 /* ChapterListView.swift in Sources */,
				AD1157092EA0000200CF2434 /* HistoryView.swift in Sources */,
				ADCA7E112EC7000100CF2434 /* CategoryGridView.swift in Sources */,
				FEEF41F1552E366A45493038 /* MALAccountSettingsView.swift in Sources */,
			);
			runOnlyForDeploymentPostprocessing = 0;
		};
		ADE5492D2C0A9CCD007AE172 /* Sources */ = {
			isa = PBXSourcesBuildPhase;
			buildActionMask = 2147483647;
			files = (
				ADE549362C0A9CCD007AE172 /* MangaCartaTests.swift in Sources */,
				AD5501012E0000010000000A /* RecommendationGoldenTests.swift in Sources */,
				AD5501022E0000010000000A /* AniListAPITests.swift in Sources */,
				AD5501032E0000010000000A /* WorkStoreTests.swift in Sources */,
				AD5501042E0000010000000A /* WorkMintingTests.swift in Sources */,
				AD5501052E0000010000000A /* TasteProfileGoldenTests.swift in Sources */,
				AD5501062E0000010000000A /* TasteProfileTests.swift in Sources */,
				B6789B3D65FC89884B2C4DB2 /* UpgradeAttemptMemoryTests.swift in Sources */,
				62C77C4658C29B13DA62393D /* MetadataUpgradeQueueTests.swift in Sources */,
				3F09684CEAF72FFBAB5FC149 /* ReaderPresentationTests.swift in Sources */,
				6FB3C6A88ECE9ABE9FF0A62A /* ReaderViewModelTests.swift in Sources */,
				03D0EA3A3C2ADB7B321AC5E1 /* ReadingPositionTests.swift in Sources */,
				AD72C1D3D3B222BBCA88006B /* WebtoonGeometryTests.swift in Sources */,
				4C97ADEAD9C4238A1365A208 /* TagVocabularyStoreTests.swift in Sources */,
				647DD2EB7E9AD349DBB04923 /* TagPairSeedingTests.swift in Sources */,
				DFF2BC11BF304A968E8FEE01 /* AniListPoolTests.swift in Sources */,
				D87DBB605283203AAF3D878F /* MALReverseResolverTests.swift in Sources */,
				F1EDF70D02166B598E8C64BB /* AppCompositionTests.swift in Sources */,
				F2CB6BCB819D4DAA455C6FE0 /* SimulatorSeedTests.swift in Sources */,
				5F5E1957F0530F4F9C9AA861 /* SimulatorSeed.swift in Sources */,
				1CF60955A3104D75DD57BB6C /* SimulatorSeedFixture.swift in Sources */,
				75E67AE756E06B6B4F7705DF /* MALReadingProgressTests.swift in Sources */,
				019E8BC10BDAE397BBDCCA39 /* MALProgressOutboxTests.swift in Sources */,
				8E3D24B2AEAA8B5E93AAE2D0 /* MALOAuthTests.swift in Sources */,
				BF0D50CF07C99D0717A2D054 /* MALCredentialStoreTests.swift in Sources */,
				62786603ED6C1507118332E7 /* MALTokenManagerTests.swift in Sources */,
				D4F82A4A59ADEB4914F54F25 /* MALAuthenticatedClientTests.swift in Sources */,
				A434ADC0FC897EACBC2CE024 /* MALAccountStoreTests.swift in Sources */,
				39CECD512334573DE6D29789 /* MALProgressCoordinatorTests.swift in Sources */,
				5976320E5D809570EFB52521 /* MALAccountPresentationTests.swift in Sources */,
				37CBDF466A838DC79A2A1E42 /* ChapterFrontierTests.swift in Sources */,
				ABBE9D120DB19C0C465AAE46 /* UpdateStateStoreTests.swift in Sources */,
				FBEB5F2F2AFEBA4908593720 /* LibraryRefreshCoordinatorTests.swift in Sources */,
				4181CDECEDD25ED42D32BABC /* UpdateNotifierTests.swift in Sources */,
				E1572D139FB0F9AFA8CFAF18 /* UpdateSchedulerTests.swift in Sources */,
				3D33AD20BE3404BC1B6B959E /* LibraryUpdatesPresentationTests.swift in Sources */,
				17108277EB6973F9B4B661D3 /* ChapterRowPresentationTests.swift in Sources */,
				793C6B63B0E7B541FBD18F63 /* SectionHeaderPresentationTests.swift in Sources */,
				D93E29FE10C30B3E23995F76 /* FulfillmentRoutingTests.swift in Sources */,
				D0E85CEB768C2DFF64C9C144 /* ListingCountCacheTests.swift in Sources */,
				9ADD763DA30432D2C81453E8 /* FulfillmentCoordinatorTests.swift in Sources */,
				9DCD1C4F19814F8C38A64696 /* SourcePickerPresentationTests.swift in Sources */,
				738BCE4E6AFDD6D640428CBA /* SourcePreferenceStoreTests.swift in Sources */,
				673B9B5805DB37426A0071D5 /* MangaDetailRetargetTests.swift in Sources */,
				89FC2BD0BE743AA37329F4E6 /* AdultSourceGatingTests.swift in Sources */,
				CA4FDD2D41D91CB88329FABE /* RegistryInjectionTests.swift in Sources */,
				C9E1E195A32E02CF5BFF06B1 /* ExtensionDomainSchemaTests.swift in Sources */,
				200B62F56A5666A27357B302 /* HostAPIVersionTests.swift in Sources */,
				C787921F18536A8B3B41024D /* SourceDeclarationValidatorTests.swift in Sources */,
				A8264F1E6BDD81BD23B7E905 /* ManifestValidationCodeFreeTests.swift in Sources */,
				0F472F8569F310221DF450B4 /* WebKitPartitioningSpikeTests.swift in Sources */,
				E7CBBD1428324559AFC66FAD /* BrowserInteractionSpikeTests.swift in Sources */,
				E3368D389F8E31C4E2C0F9A0 /* ExtensionJSBridgeTests.swift in Sources */,
				03DE6B2D9A7FC66B70A3FFA8 /* ExtensionRuntimeTests.swift in Sources */,
				F5187CABAE1CAC753A00B58E /* ExtensionCancellationTests.swift in Sources */,
				E5799CADD97F67D52AAEAF1C /* SourceLifecycleRegistryTests.swift in Sources */,
				BF0DD594C54D3FDC6CD4D253 /* HostCapabilityTests.swift in Sources */,
				F93A28197C642D53DC7CEC31 /* ExtensionPortHarness.swift in Sources */,
				A9E6DF9E93224044899401CA /* WeebCentralPortTests.swift in Sources */,
				B2282CBFC63A868370290A54 /* RepositoryIndexValidatorTests.swift in Sources */,
				65C1F900403A118B566765A5 /* ExtensionInstallerTests.swift in Sources */,
				16120C8C8E8B95CA75E37B05 /* ExtensionSourceTests.swift in Sources */,
				F335A8FC01FE43617F9FB5C8 /* RepositorySettingsViewModelTests.swift in Sources */,
				2A0F6FF3F55534C2C6A52D0B /* BundledWeebCentralCutoverTests.swift in Sources */,
				8F732C0D846AAB88AE944015 /* ZipArchiveReaderTests.swift in Sources */,
				4B857C32E6BA88F06A664622 /* LocalImportSlice2Tests.swift in Sources */,
				8EF1B3AF2A631578D956E701 /* LocalImageCacheTests.swift in Sources */,
				D304699E96B25E03493BA659 /* SourceCapabilityTests.swift in Sources */,
				17FA23671CF27E9A1E73FF51 /* LocalChapterLayoutTests.swift in Sources */,
				0ED583DA5DF0DFD1AFF9C35E /* LocalLibraryStoreTests.swift in Sources */,
				41F32C017B40DE1CEFEEEA1B /* LocalSourceTests.swift in Sources */,
				F71909E2DE1998083100EF3D /* SourceRegistryTests.swift in Sources */,
				3EFFDE697B4008BC4764E3E1 /* LocalLibraryDeletionTests.swift in Sources */,
				478B2580616827759823D67B /* PDFImportTests.swift in Sources */,
				1B380F1C8F244BA751725C9C /* MangaDexEngineTests.swift in Sources */,
			);
			runOnlyForDeploymentPostprocessing = 0;
		};
		ADE549372C0A9CCD007AE172 /* Sources */ = {
			isa = PBXSourcesBuildPhase;
			buildActionMask = 2147483647;
			files = (
				ADE549422C0A9CCD007AE172 /* MangaCartaUITestsLaunchTests.swift in Sources */,
				ADE549402C0A9CCD007AE172 /* MangaCartaUITests.swift in Sources */,
				5552BA9016CDD6C1A8B1AE86 /* UpdatesUITests.swift in Sources */,
				90006F655FCF25D26634D4D3 /* SourcePreferenceUITests.swift in Sources */,
				5A4912206FCD4BACD63E9575 /* RepositorySettingsUITests.swift in Sources */,
				7D6CAED77181EF0EAE16AA05 /* LocalImportUITests.swift in Sources */,
			);
			runOnlyForDeploymentPostprocessing = 0;
		};
/* End PBXSourcesBuildPhase section */

/* Begin PBXTargetDependency section */
		ADE549332C0A9CCD007AE172 /* PBXTargetDependency */ = {
			isa = PBXTargetDependency;
			target = ADE549202C0A9CCA007AE172 /* MangaCarta */;
			targetProxy = ADE549322C0A9CCD007AE172 /* PBXContainerItemProxy */;
		};
		ADE5493D2C0A9CCD007AE172 /* PBXTargetDependency */ = {
			isa = PBXTargetDependency;
			target = ADE549202C0A9CCA007AE172 /* MangaCarta */;
			targetProxy = ADE5493C2C0A9CCD007AE172 /* PBXContainerItemProxy */;
		};
/* End PBXTargetDependency section */

/* Begin XCBuildConfiguration section */
		ADE549432C0A9CCD007AE172 /* Debug */ = {
			isa = XCBuildConfiguration;
			buildSettings = {
				ALWAYS_SEARCH_USER_PATHS = NO;
				ASSETCATALOG_COMPILER_GENERATE_SWIFT_ASSET_SYMBOL_EXTENSIONS = YES;
				CLANG_ANALYZER_NONNULL = YES;
				CLANG_ANALYZER_NUMBER_OBJECT_CONVERSION = YES_AGGRESSIVE;
				CLANG_CXX_LANGUAGE_STANDARD = "gnu++20";
				CLANG_ENABLE_MODULES = YES;
				CLANG_ENABLE_OBJC_ARC = YES;
				CLANG_ENABLE_OBJC_WEAK = YES;
				CLANG_WARN_BLOCK_CAPTURE_AUTORELEASING = YES;
				CLANG_WARN_BOOL_CONVERSION = YES;
				CLANG_WARN_COMMA = YES;
				CLANG_WARN_CONSTANT_CONVERSION = YES;
				CLANG_WARN_DEPRECATED_OBJC_IMPLEMENTATIONS = YES;
				CLANG_WARN_DIRECT_OBJC_ISA_USAGE = YES_ERROR;
				CLANG_WARN_DOCUMENTATION_COMMENTS = YES;
				CLANG_WARN_EMPTY_BODY = YES;
				CLANG_WARN_ENUM_CONVERSION = YES;
				CLANG_WARN_INFINITE_RECURSION = YES;
				CLANG_WARN_INT_CONVERSION = YES;
				CLANG_WARN_NON_LITERAL_NULL_CONVERSION = YES;
				CLANG_WARN_OBJC_IMPLICIT_RETAIN_SELF = YES;
				CLANG_WARN_OBJC_LITERAL_CONVERSION = YES;
				CLANG_WARN_OBJC_ROOT_CLASS = YES_ERROR;
				CLANG_WARN_QUOTED_INCLUDE_IN_FRAMEWORK_HEADER = YES;
				CLANG_WARN_RANGE_LOOP_ANALYSIS = YES;
				CLANG_WARN_STRICT_PROTOTYPES = YES;
				CLANG_WARN_SUSPICIOUS_MOVE = YES;
				CLANG_WARN_UNGUARDED_AVAILABILITY = YES_AGGRESSIVE;
				CLANG_WARN_UNREACHABLE_CODE = YES;
				CLANG_WARN__DUPLICATE_METHOD_MATCH = YES;
				COPY_PHASE_STRIP = NO;
				DEBUG_INFORMATION_FORMAT = dwarf;
				ENABLE_STRICT_OBJC_MSGSEND = YES;
				ENABLE_TESTABILITY = YES;
				ENABLE_USER_SCRIPT_SANDBOXING = YES;
				GCC_C_LANGUAGE_STANDARD = gnu17;
				GCC_DYNAMIC_NO_PIC = NO;
				GCC_NO_COMMON_BLOCKS = YES;
				GCC_OPTIMIZATION_LEVEL = 0;
				GCC_PREPROCESSOR_DEFINITIONS = (
					"DEBUG=1",
					"$(inherited)",
				);
				GCC_WARN_64_TO_32_BIT_CONVERSION = YES;
				GCC_WARN_ABOUT_RETURN_TYPE = YES_ERROR;
				GCC_WARN_UNDECLARED_SELECTOR = YES;
				GCC_WARN_UNINITIALIZED_AUTOS = YES_AGGRESSIVE;
				GCC_WARN_UNUSED_FUNCTION = YES;
				GCC_WARN_UNUSED_VARIABLE = YES;
				IPHONEOS_DEPLOYMENT_TARGET = 17.5;
				LOCALIZATION_PREFERS_STRING_CATALOGS = YES;
				MTL_ENABLE_DEBUG_INFO = INCLUDE_SOURCE;
				MTL_FAST_MATH = YES;
				ONLY_ACTIVE_ARCH = YES;
				SDKROOT = iphoneos;
				STRING_CATALOG_GENERATE_SYMBOLS = YES;
				SWIFT_ACTIVE_COMPILATION_CONDITIONS = "DEBUG $(inherited)";
				SWIFT_OPTIMIZATION_LEVEL = "-Onone";
			};
			name = Debug;
		};
		ADE549442C0A9CCD007AE172 /* Release */ = {
			isa = XCBuildConfiguration;
			buildSettings = {
				ALWAYS_SEARCH_USER_PATHS = NO;
				ASSETCATALOG_COMPILER_GENERATE_SWIFT_ASSET_SYMBOL_EXTENSIONS = YES;
				CLANG_ANALYZER_NONNULL = YES;
				CLANG_ANALYZER_NUMBER_OBJECT_CONVERSION = YES_AGGRESSIVE;
				CLANG_CXX_LANGUAGE_STANDARD = "gnu++20";
				CLANG_ENABLE_MODULES = YES;
				CLANG_ENABLE_OBJC_ARC = YES;
				CLANG_ENABLE_OBJC_WEAK = YES;
				CLANG_WARN_BLOCK_CAPTURE_AUTORELEASING = YES;
				CLANG_WARN_BOOL_CONVERSION = YES;
				CLANG_WARN_COMMA = YES;
				CLANG_WARN_CONSTANT_CONVERSION = YES;
				CLANG_WARN_DEPRECATED_OBJC_IMPLEMENTATIONS = YES;
				CLANG_WARN_DIRECT_OBJC_ISA_USAGE = YES_ERROR;
				CLANG_WARN_DOCUMENTATION_COMMENTS = YES;
				CLANG_WARN_EMPTY_BODY = YES;
				CLANG_WARN_ENUM_CONVERSION = YES;
				CLANG_WARN_INFINITE_RECURSION = YES;
				CLANG_WARN_INT_CONVERSION = YES;
				CLANG_WARN_NON_LITERAL_NULL_CONVERSION = YES;
				CLANG_WARN_OBJC_IMPLICIT_RETAIN_SELF = YES;
				CLANG_WARN_OBJC_LITERAL_CONVERSION = YES;
				CLANG_WARN_OBJC_ROOT_CLASS = YES_ERROR;
				CLANG_WARN_QUOTED_INCLUDE_IN_FRAMEWORK_HEADER = YES;
				CLANG_WARN_RANGE_LOOP_ANALYSIS = YES;
				CLANG_WARN_STRICT_PROTOTYPES = YES;
				CLANG_WARN_SUSPICIOUS_MOVE = YES;
				CLANG_WARN_UNGUARDED_AVAILABILITY = YES_AGGRESSIVE;
				CLANG_WARN_UNREACHABLE_CODE = YES;
				CLANG_WARN__DUPLICATE_METHOD_MATCH = YES;
				COPY_PHASE_STRIP = NO;
				DEBUG_INFORMATION_FORMAT = "dwarf-with-dsym";
				ENABLE_NS_ASSERTIONS = NO;
				ENABLE_STRICT_OBJC_MSGSEND = YES;
				ENABLE_USER_SCRIPT_SANDBOXING = YES;
				GCC_C_LANGUAGE_STANDARD = gnu17;
				GCC_NO_COMMON_BLOCKS = YES;
				GCC_WARN_64_TO_32_BIT_CONVERSION = YES;
				GCC_WARN_ABOUT_RETURN_TYPE = YES_ERROR;
				GCC_WARN_UNDECLARED_SELECTOR = YES;
				GCC_WARN_UNINITIALIZED_AUTOS = YES_AGGRESSIVE;
				GCC_WARN_UNUSED_FUNCTION = YES;
				GCC_WARN_UNUSED_VARIABLE = YES;
				IPHONEOS_DEPLOYMENT_TARGET = 17.5;
				LOCALIZATION_PREFERS_STRING_CATALOGS = YES;
				MTL_ENABLE_DEBUG_INFO = NO;
				MTL_FAST_MATH = YES;
				SDKROOT = iphoneos;
				STRING_CATALOG_GENERATE_SYMBOLS = YES;
				SWIFT_COMPILATION_MODE = wholemodule;
				VALIDATE_PRODUCT = YES;
			};
			name = Release;
		};
		ADE549462C0A9CCD007AE172 /* Debug */ = {
			isa = XCBuildConfiguration;
			baseConfigurationReference = AD1157092EA0000300CF2434 /* Secrets.xcconfig */;
			buildSettings = {
				ASSETCATALOG_COMPILER_APPICON_NAME = AppIcon;
				ASSETCATALOG_COMPILER_GLOBAL_ACCENT_COLOR_NAME = AccentColor;
				CODE_SIGN_STYLE = Automatic;
				CURRENT_PROJECT_VERSION = 1;
				DEVELOPMENT_ASSET_PATHS = "\"MangaCarta/Preview Content\"";
				DEVELOPMENT_TEAM = V2BG9SHQYS;
				ENABLE_PREVIEWS = YES;
				GENERATE_INFOPLIST_FILE = YES;
				INFOPLIST_FILE = MangaCarta/Info.plist;
				INFOPLIST_KEY_UIApplicationSceneManifest_Generation = YES;
				INFOPLIST_KEY_UIApplicationSupportsIndirectInputEvents = YES;
				INFOPLIST_KEY_UILaunchScreen_Generation = YES;
				INFOPLIST_KEY_UISupportedInterfaceOrientations_iPad = "UIInterfaceOrientationPortrait UIInterfaceOrientationPortraitUpsideDown UIInterfaceOrientationLandscapeLeft UIInterfaceOrientationLandscapeRight";
				INFOPLIST_KEY_UISupportedInterfaceOrientations_iPhone = "UIInterfaceOrientationPortrait UIInterfaceOrientationLandscapeLeft UIInterfaceOrientationLandscapeRight";
				LD_RUNPATH_SEARCH_PATHS = (
					"$(inherited)",
					"@executable_path/Frameworks",
				);
				MARKETING_VERSION = 1.0;
				PRODUCT_BUNDLE_IDENTIFIER = "Elias-Magdaleno.Manga-Reader";
				PRODUCT_NAME = "$(TARGET_NAME)";
				SWIFT_EMIT_LOC_STRINGS = YES;
				SWIFT_VERSION = 5.0;
				TARGETED_DEVICE_FAMILY = "1,2";
			};
			name = Debug;
		};
		ADE549472C0A9CCD007AE172 /* Release */ = {
			isa = XCBuildConfiguration;
			baseConfigurationReference = AD1157092EA0000300CF2434 /* Secrets.xcconfig */;
			buildSettings = {
				ASSETCATALOG_COMPILER_APPICON_NAME = AppIcon;
				ASSETCATALOG_COMPILER_GLOBAL_ACCENT_COLOR_NAME = AccentColor;
				CODE_SIGN_STYLE = Automatic;
				CURRENT_PROJECT_VERSION = 1;
				DEVELOPMENT_ASSET_PATHS = "\"MangaCarta/Preview Content\"";
				DEVELOPMENT_TEAM = V2BG9SHQYS;
				ENABLE_PREVIEWS = YES;
				GENERATE_INFOPLIST_FILE = YES;
				INFOPLIST_FILE = MangaCarta/Info.plist;
				INFOPLIST_KEY_UIApplicationSceneManifest_Generation = YES;
				INFOPLIST_KEY_UIApplicationSupportsIndirectInputEvents = YES;
				INFOPLIST_KEY_UILaunchScreen_Generation = YES;
				INFOPLIST_KEY_UISupportedInterfaceOrientations_iPad = "UIInterfaceOrientationPortrait UIInterfaceOrientationPortraitUpsideDown UIInterfaceOrientationLandscapeLeft UIInterfaceOrientationLandscapeRight";
				INFOPLIST_KEY_UISupportedInterfaceOrientations_iPhone = "UIInterfaceOrientationPortrait UIInterfaceOrientationLandscapeLeft UIInterfaceOrientationLandscapeRight";
				LD_RUNPATH_SEARCH_PATHS = (
					"$(inherited)",
					"@executable_path/Frameworks",
				);
				MARKETING_VERSION = 1.0;
				PRODUCT_BUNDLE_IDENTIFIER = "Elias-Magdaleno.Manga-Reader";
				PRODUCT_NAME = "$(TARGET_NAME)";
				SWIFT_EMIT_LOC_STRINGS = YES;
				SWIFT_VERSION = 5.0;
				TARGETED_DEVICE_FAMILY = "1,2";
			};
			name = Release;
		};
		ADE549492C0A9CCD007AE172 /* Debug */ = {
			isa = XCBuildConfiguration;
			buildSettings = {
				BUNDLE_LOADER = "$(TEST_HOST)";
				CODE_SIGN_STYLE = Automatic;
				CURRENT_PROJECT_VERSION = 1;
				GENERATE_INFOPLIST_FILE = YES;
				IPHONEOS_DEPLOYMENT_TARGET = 17.5;
				MARKETING_VERSION = 1.0;
				PRODUCT_BUNDLE_IDENTIFIER = "Elias-Magdaleno.Manga-ReaderTests";
				PRODUCT_NAME = "$(TARGET_NAME)";
				SWIFT_EMIT_LOC_STRINGS = NO;
				SWIFT_VERSION = 5.0;
				TARGETED_DEVICE_FAMILY = "1,2";
				TEST_HOST = "$(BUILT_PRODUCTS_DIR)/MangaCarta.app/$(BUNDLE_EXECUTABLE_FOLDER_PATH)/MangaCarta";
			};
			name = Debug;
		};
		ADE5494A2C0A9CCD007AE172 /* Release */ = {
			isa = XCBuildConfiguration;
			buildSettings = {
				BUNDLE_LOADER = "$(TEST_HOST)";
				CODE_SIGN_STYLE = Automatic;
				CURRENT_PROJECT_VERSION = 1;
				GENERATE_INFOPLIST_FILE = YES;
				IPHONEOS_DEPLOYMENT_TARGET = 17.5;
				MARKETING_VERSION = 1.0;
				PRODUCT_BUNDLE_IDENTIFIER = "Elias-Magdaleno.Manga-ReaderTests";
				PRODUCT_NAME = "$(TARGET_NAME)";
				SWIFT_EMIT_LOC_STRINGS = NO;
				SWIFT_VERSION = 5.0;
				TARGETED_DEVICE_FAMILY = "1,2";
				TEST_HOST = "$(BUILT_PRODUCTS_DIR)/MangaCarta.app/$(BUNDLE_EXECUTABLE_FOLDER_PATH)/MangaCarta";
			};
			name = Release;
		};
		ADE5494C2C0A9CCD007AE172 /* Debug */ = {
			isa = XCBuildConfiguration;
			buildSettings = {
				CODE_SIGN_STYLE = Automatic;
				CURRENT_PROJECT_VERSION = 1;
				GENERATE_INFOPLIST_FILE = YES;
				MARKETING_VERSION = 1.0;
				PRODUCT_BUNDLE_IDENTIFIER = "Elias-Magdaleno.Manga-ReaderUITests";
				PRODUCT_NAME = "$(TARGET_NAME)";
				SWIFT_EMIT_LOC_STRINGS = NO;
				SWIFT_VERSION = 5.0;
				TARGETED_DEVICE_FAMILY = "1,2";
				TEST_TARGET_NAME = MangaCarta;
			};
			name = Debug;
		};
		ADE5494D2C0A9CCD007AE172 /* Release */ = {
			isa = XCBuildConfiguration;
			buildSettings = {
				CODE_SIGN_STYLE = Automatic;
				CURRENT_PROJECT_VERSION = 1;
				GENERATE_INFOPLIST_FILE = YES;
				MARKETING_VERSION = 1.0;
				PRODUCT_BUNDLE_IDENTIFIER = "Elias-Magdaleno.Manga-ReaderUITests";
				PRODUCT_NAME = "$(TARGET_NAME)";
				SWIFT_EMIT_LOC_STRINGS = NO;
				SWIFT_VERSION = 5.0;
				TARGETED_DEVICE_FAMILY = "1,2";
				TEST_TARGET_NAME = MangaCarta;
			};
			name = Release;
		};
/* End XCBuildConfiguration section */

/* Begin XCConfigurationList section */
		ADE5491C2C0A9CCA007AE172 /* Build configuration list for PBXProject "MangaCarta" */ = {
			isa = XCConfigurationList;
			buildConfigurations = (
				ADE549432C0A9CCD007AE172 /* Debug */,
				ADE549442C0A9CCD007AE172 /* Release */,
			);
			defaultConfigurationIsVisible = 0;
			defaultConfigurationName = Release;
		};
		ADE549452C0A9CCD007AE172 /* Build configuration list for PBXNativeTarget "MangaCarta" */ = {
			isa = XCConfigurationList;
			buildConfigurations = (
				ADE549462C0A9CCD007AE172 /* Debug */,
				ADE549472C0A9CCD007AE172 /* Release */,
			);
			defaultConfigurationIsVisible = 0;
			defaultConfigurationName = Release;
		};
		ADE549482C0A9CCD007AE172 /* Build configuration list for PBXNativeTarget "MangaCartaTests" */ = {
			isa = XCConfigurationList;
			buildConfigurations = (
				ADE549492C0A9CCD007AE172 /* Debug */,
				ADE5494A2C0A9CCD007AE172 /* Release */,
			);
			defaultConfigurationIsVisible = 0;
			defaultConfigurationName = Release;
		};
		ADE5494B2C0A9CCD007AE172 /* Build configuration list for PBXNativeTarget "MangaCartaUITests" */ = {
			isa = XCConfigurationList;
			buildConfigurations = (
				ADE5494C2C0A9CCD007AE172 /* Debug */,
				ADE5494D2C0A9CCD007AE172 /* Release */,
			);
			defaultConfigurationIsVisible = 0;
			defaultConfigurationName = Release;
		};
/* End XCConfigurationList section */
	};
	rootObject = ADE549192C0A9CCA007AE172 /* Project object */;
}
